# THIS IS AN AUTOGENERATED FILE. DO NOT EDIT THIS FILE DIRECTLY.
# yarn lockfile v1


"@babel/runtime@^7.17.2":
  version "7.22.6"
  resolved "https://registry.yarnpkg.com/@babel/runtime/-/runtime-7.22.6.tgz#57d64b9ae3cff1d67eb067ae117dac087f5bd438"
  integrity sha512-wDb5pWm4WDdF6LFUde3Jl8WzPA+3ZbxYqkC6xAXuD3irdEHN1k0NfTRrJD8ZD378SJ61miMLCqIOXYhd8x+AJQ==
  dependencies:
    regenerator-runtime "^0.13.11"

copy-text-to-clipboard@^3.0.1:
  version "3.2.0"
  resolved "https://registry.yarnpkg.com/copy-text-to-clipboard/-/copy-text-to-clipboard-3.2.0.tgz#0202b2d9bdae30a49a53f898626dcc3b49ad960b"
  integrity sha512-RnJFp1XR/LOBDckxTib5Qjr/PMfkatD0MUCQgdpqS8MdKiNUzBjAQBEN6oUy+jW7LI93BBG3DtMB2KOOKpGs2Q==

core-js@^3.11.0:
  version "3.31.1"
  resolved "https://registry.yarnpkg.com/core-js/-/core-js-3.31.1.tgz#f2b0eea9be9da0def2c5fece71064a7e5d687653"
  integrity sha512-2sKLtfq1eFST7l7v62zaqXacPc7uG8ZAya8ogijLhTtaKNcpzpB4TMoTw2Si+8GYKRwFPMMtUT0263QFWFfqyQ==

mutation-observer@^1.0.3:
  version "1.0.3"
  resolved "https://registry.yarnpkg.com/mutation-observer/-/mutation-observer-1.0.3.tgz#42e9222b101bca82e5ba9d5a7acf4a14c0f263d0"
  integrity sha512-M/O/4rF2h776hV7qGMZUH3utZLO/jK7p8rnNgGkjKUw8zCGjRQPxB8z6+5l8+VjRUQ3dNYu4vjqXYLr+U8ZVNA==

regenerator-runtime@^0.13.11:
  version "0.13.11"
  resolved "https://registry.yarnpkg.com/regenerator-runtime/-/regenerator-runtime-0.13.11.tgz#f6dca3e7ceec20590d07ada785636a90cdca17f9"
  integrity sha512-kY1AZVr2Ra+t+piVaJ4gxaFaReZVH40AKNo7UCX6W+dEwBo/2oZJzqfuN1qLq1oL45o56cPaTXELwrTh8Fpggg==

vconsole@^3.15.1:
  version "3.15.1"
  resolved "https://registry.yarnpkg.com/vconsole/-/vconsole-3.15.1.tgz#569a8ab15f353259527bbcf004f02946b4482cff"
  integrity sha512-KH8XLdrq9T5YHJO/ixrjivHfmF2PC2CdVoK6RWZB4yftMykYIaXY1mxZYAic70vADM54kpMQF+dYmvl5NRNy1g==
  dependencies:
    "@babel/runtime" "^7.17.2"
    copy-text-to-clipboard "^3.0.1"
    core-js "^3.11.0"
    mutation-observer "^1.0.3"
